
Microsoft Visual Studio Solution File, Format Version 12.00
# Visual Studio Version 16
VisualStudioVersion = 16.0.29609.76
MinimumVisualStudioVersion = 10.0.40219.1
Project("{FAE04EC0-301F-11D3-BF4B-00C04F79EFBC}") = "deEstimator framework", "deEstimator framework.csproj", "{5EEA2AB8-8056-4CEA-B753-E04B27FB05CE}"
EndProject
Project("{FAE04EC0-301F-11D3-BF4B-00C04F79EFBC}") = "deEstimator Core", "..\deEstimator Core\deEstimator Core.csproj", "{A4F8AD8F-D35F-4CA6-82AC-1D9F20A15325}"
EndProject
Global
	GlobalSection(SolutionConfigurationPlatforms) = preSolution
		Debug|Any CPU = Debug|Any CPU
		Release|Any CPU = Release|Any CPU
	EndGlobalSection
	GlobalSection(ProjectConfigurationPlatforms) = postSolution
		{5EEA2AB8-8056-4CEA-B753-E04B27FB05CE}.Debug|Any CPU.ActiveCfg = Debug|Any CPU
		{5EEA2AB8-8056-4CEA-B753-E04B27FB05CE}.Debug|Any CPU.Build.0 = Debug|Any CPU
		{5EEA2AB8-8056-4CEA-B753-E04B27FB05CE}.Release|Any CPU.ActiveCfg = Release|Any CPU
		{5EEA2AB8-8056-4CEA-B753-E04B27FB05CE}.Release|Any CPU.Build.0 = Release|Any CPU
		{A4F8AD8F-D35F-4CA6-82AC-1D9F20A15325}.Debug|Any CPU.ActiveCfg = Debug|Any CPU
		{A4F8AD8F-D35F-4CA6-82AC-1D9F20A15325}.Debug|Any CPU.Build.0 = Debug|Any CPU
		{A4F8AD8F-D35F-4CA6-82AC-1D9F20A15325}.Release|Any CPU.ActiveCfg = Release|Any CPU
		{A4F8AD8F-D35F-4CA6-82AC-1D9F20A15325}.Release|Any CPU.Build.0 = Release|Any CPU
	EndGlobalSection
	GlobalSection(SolutionProperties) = preSolution
		HideSolutionNode = FALSE
	EndGlobalSection
	GlobalSection(ExtensibilityGlobals) = postSolution
		SolutionGuid = {17773275-4EF7-420A-B7AE-2E380BAEE6DA}
	EndGlobalSection
EndGlobal
